
Microsoft Visual Studio Solution File, Format Version 12.00
# Visual Studio 15
VisualStudioVersion = 15.0.28307.572
MinimumVisualStudioVersion = 10.0.40219.1
Project("{FAE04EC0-301F-11D3-BF4B-00C04F79EFBC}") = "ElectionService", "ElectionService\ElectionService.csproj", "{728D887C-FEB4-4774-990C-6541686FCEBF}"
EndProject
Project("{FAE04EC0-301F-11D3-BF4B-00C04F79EFBC}") = "ElectionBusinessLayer", "ElectionBusinessLayer\ElectionBusinessLayer.csproj", "{4CE3F43A-AD29-4F13-A29F-D096803CA2F7}"
EndProject
Project("{FAE04EC0-301F-11D3-BF4B-00C04F79EFBC}") = "ElectionRepositoryLayer", "ElectionRepositoryLayer\ElectionRepositoryLayer.csproj", "{11B2F060-76FD-4AE2-B245-8C06D003C6CE}"
EndProject
Project("{FAE04EC0-301F-11D3-BF4B-00C04F79EFBC}") = "ElectionModelLayer", "ElectionModelLayer\ElectionModelLayer.csproj", "{C0FD715C-16F8-4538-A2FE-169FA302C403}"
EndProject
Global
	GlobalSection(SolutionConfigurationPlatforms) = preSolution
		Debug|Any CPU = Debug|Any CPU
		Release|Any CPU = Release|Any CPU
	EndGlobalSection
	GlobalSection(ProjectConfigurationPlatforms) = postSolution
		{728D887C-FEB4-4774-990C-6541686FCEBF}.Debug|Any CPU.ActiveCfg = Debug|Any CPU
		{728D887C-FEB4-4774-990C-6541686FCEBF}.Debug|Any CPU.Build.0 = Debug|Any CPU
		{728D887C-FEB4-4774-990C-6541686FCEBF}.Release|Any CPU.ActiveCfg = Release|Any CPU
		{728D887C-FEB4-4774-990C-6541686FCEBF}.Release|Any CPU.Build.0 = Release|Any CPU
		{4CE3F43A-AD29-4F13-A29F-D096803CA2F7}.Debug|Any CPU.ActiveCfg = Debug|Any CPU
		{4CE3F43A-AD29-4F13-A29F-D096803CA2F7}.Debug|Any CPU.Build.0 = Debug|Any CPU
		{4CE3F43A-AD29-4F13-A29F-D096803CA2F7}.Release|Any CPU.ActiveCfg = Release|Any CPU
		{4CE3F43A-AD29-4F13-A29F-D096803CA2F7}.Release|Any CPU.Build.0 = Release|Any CPU
		{11B2F060-76FD-4AE2-B245-8C06D003C6CE}.Debug|Any CPU.ActiveCfg = Debug|Any CPU
		{11B2F060-76FD-4AE2-B245-8C06D003C6CE}.Debug|Any CPU.Build.0 = Debug|Any CPU
		{11B2F060-76FD-4AE2-B245-8C06D003C6CE}.Release|Any CPU.ActiveCfg = Release|Any CPU
		{11B2F060-76FD-4AE2-B245-8C06D003C6CE}.Release|Any CPU.Build.0 = Release|Any CPU
		{C0FD715C-16F8-4538-A2FE-169FA302C403}.Debug|Any CPU.ActiveCfg = Debug|Any CPU
		{C0FD715C-16F8-4538-A2FE-169FA302C403}.Debug|Any CPU.Build.0 = Debug|Any CPU
		{C0FD715C-16F8-4538-A2FE-169FA302C403}.Release|Any CPU.ActiveCfg = Release|Any CPU
		{C0FD715C-16F8-4538-A2FE-169FA302C403}.Release|Any CPU.Build.0 = Release|Any CPU
	EndGlobalSection
	GlobalSection(SolutionProperties) = preSolution
		HideSolutionNode = FALSE
	EndGlobalSection
	GlobalSection(ExtensibilityGlobals) = postSolution
		SolutionGuid = {C960A4B4-86F4-447A-A6C7-1836CCB0F54F}
	EndGlobalSection
EndGlobal
